
Microsoft Visual Studio Solution File, Format Version 12.00
# Visual Studio Version 17
VisualStudioVersion = 17.13.36105.23 d17.13
MinimumVisualStudioVersion = 10.0.40219.1
Project("{FAE04EC0-301F-11D3-BF4B-00C04F79EFBC}") = "ProductionSystem", "ProductionSystem\ProductionSystem.csproj", "{B6367CC7-2D0A-43D4-A790-E6A1AD14E1BE}"
EndProject
Global
	GlobalSection(SolutionConfigurationPlatforms) = preSolution
		Debug|Any CPU = Debug|Any CPU
		Release|Any CPU = Release|Any CPU
	EndGlobalSection
	GlobalSection(ProjectConfigurationPlatforms) = postSolution
		{B6367CC7-2D0A-43D4-A790-E6A1AD14E1BE}.Debug|Any CPU.ActiveCfg = Debug|Any CPU
		{B6367CC7-2D0A-43D4-A790-E6A1AD14E1BE}.Debug|Any CPU.Build.0 = Debug|Any CPU
		{B6367CC7-2D0A-43D4-A790-E6A1AD14E1BE}.Release|Any CPU.ActiveCfg = Release|Any CPU
		{B6367CC7-2D0A-43D4-A790-E6A1AD14E1BE}.Release|Any CPU.Build.0 = Release|Any CPU
	EndGlobalSection
	GlobalSection(SolutionProperties) = preSolution
		HideSolutionNode = FALSE
	EndGlobalSection
	GlobalSection(ExtensibilityGlobals) = postSolution
		SolutionGuid = {9909818A-1D58-429A-83AF-ACABBCBA59EB}
	EndGlobalSection
EndGlobal
